
Microsoft Visual Studio Solution File, Format Version 12.00
# Visual Studio Version 16
VisualStudioVersion = 16.0.29806.167
MinimumVisualStudioVersion = 10.0.40219.1
Project("{FAE04EC0-301F-11D3-BF4B-00C04F79EFBC}") = "Rent.Web", "Rent.Web\Rent.Web.csproj", "{9452747F-D6FD-40B3-B023-008BCCAFE135}"
EndProject
Project("{FAE04EC0-301F-11D3-BF4B-00C04F79EFBC}") = "Rent.Entities", "Rent.Entities\Rent.Entities.csproj", "{274E7428-82AF-4C9A-A0DC-563525F26194}"
EndProject
Project("{FAE04EC0-301F-11D3-BF4B-00C04F79EFBC}") = "Rent.ViewModels", "Rent.ViewModels\Rent.ViewModels.csproj", "{9AB8077B-4F88-4CEE-BC34-80DA490C634F}"
EndProject
Global
	GlobalSection(SolutionConfigurationPlatforms) = preSolution
		Debug|Any CPU = Debug|Any CPU
		Release|Any CPU = Release|Any CPU
	EndGlobalSection
	GlobalSection(ProjectConfigurationPlatforms) = postSolution
		{9452747F-D6FD-40B3-B023-008BCCAFE135}.Debug|Any CPU.ActiveCfg = Debug|Any CPU
		{9452747F-D6FD-40B3-B023-008BCCAFE135}.Debug|Any CPU.Build.0 = Debug|Any CPU
		{9452747F-D6FD-40B3-B023-008BCCAFE135}.Release|Any CPU.ActiveCfg = Release|Any CPU
		{9452747F-D6FD-40B3-B023-008BCCAFE135}.Release|Any CPU.Build.0 = Release|Any CPU
		{274E7428-82AF-4C9A-A0DC-563525F26194}.Debug|Any CPU.ActiveCfg = Debug|Any CPU
		{274E7428-82AF-4C9A-A0DC-563525F26194}.Debug|Any CPU.Build.0 = Debug|Any CPU
		{274E7428-82AF-4C9A-A0DC-563525F26194}.Release|Any CPU.ActiveCfg = Release|Any CPU
		{274E7428-82AF-4C9A-A0DC-563525F26194}.Release|Any CPU.Build.0 = Release|Any CPU
		{9AB8077B-4F88-4CEE-BC34-80DA490C634F}.Debug|Any CPU.ActiveCfg = Debug|Any CPU
		{9AB8077B-4F88-4CEE-BC34-80DA490C634F}.Debug|Any CPU.Build.0 = Debug|Any CPU
		{9AB8077B-4F88-4CEE-BC34-80DA490C634F}.Release|Any CPU.ActiveCfg = Release|Any CPU
		{9AB8077B-4F88-4CEE-BC34-80DA490C634F}.Release|Any CPU.Build.0 = Release|Any CPU
	EndGlobalSection
	GlobalSection(SolutionProperties) = preSolution
		HideSolutionNode = FALSE
	EndGlobalSection
	GlobalSection(ExtensibilityGlobals) = postSolution
		SolutionGuid = {44D7E817-5139-4AC2-98F5-D3461192556B}
	EndGlobalSection
EndGlobal
